
Microsoft Visual Studio Solution File, Format Version 12.00
# Visual Studio Version 17
VisualStudioVersion = 17.0.31903.59
MinimumVisualStudioVersion = 10.0.40219.1
Project("{FAE04EC0-301F-11D3-BF4B-00C04F79EFBC}") = "day1", "day1\day1.csproj", "{6DB3643E-6D46-4B8C-B203-EEE1007AC3B2}"
EndProject
Project("{FAE04EC0-301F-11D3-BF4B-00C04F79EFBC}") = "day2", "day2\day2.csproj", "{E0F12A24-CFEF-4B63-8CCE-B4F997BB95E5}"
EndProject
Project("{FAE04EC0-301F-11D3-BF4B-00C04F79EFBC}") = "day3", "day3\day3.csproj", "{BE51BE16-8E23-4EF7-9E69-24D63BBF49C5}"
EndProject
Project("{FAE04EC0-301F-11D3-BF4B-00C04F79EFBC}") = "day4", "day4\day4.csproj", "{60008881-7901-4250-A6DB-D509354C90A2}"
EndProject
Project("{FAE04EC0-301F-11D3-BF4B-00C04F79EFBC}") = "day5", "day5\day5.csproj", "{44320EE6-BE55-4C9D-AB28-28F69AE85C61}"
EndProject
Project("{FAE04EC0-301F-11D3-BF4B-00C04F79EFBC}") = "day6", "day6\day6.csproj", "{26288DAD-5432-48E1-AB98-161A5351E754}"
EndProject
Project("{FAE04EC0-301F-11D3-BF4B-00C04F79EFBC}") = "day7", "day7\day7.csproj", "{A4C2B939-7B73-40F2-ABF4-B6C25C9DF299}"
EndProject
Project("{FAE04EC0-301F-11D3-BF4B-00C04F79EFBC}") = "day8", "day8\day8.csproj", "{95978996-605C-4172-8F6E-662685C7FDE0}"
EndProject
Project("{FAE04EC0-301F-11D3-BF4B-00C04F79EFBC}") = "day9", "day9\day9.csproj", "{44B65A5C-8540-48A7-86CF-DBD5726946E9}"
EndProject
Project("{FAE04EC0-301F-11D3-BF4B-00C04F79EFBC}") = "day10", "day10\day10.csproj", "{44B532D9-3FCB-4D10-B816-085301EBB3DC}"
EndProject
Global
	GlobalSection(SolutionConfigurationPlatforms) = preSolution
		Debug|Any CPU = Debug|Any CPU
		Release|Any CPU = Release|Any CPU
	EndGlobalSection
	GlobalSection(SolutionProperties) = preSolution
		HideSolutionNode = FALSE
	EndGlobalSection
	GlobalSection(ProjectConfigurationPlatforms) = postSolution
		{6DB3643E-6D46-4B8C-B203-EEE1007AC3B2}.Debug|Any CPU.ActiveCfg = Debug|Any CPU
		{6DB3643E-6D46-4B8C-B203-EEE1007AC3B2}.Debug|Any CPU.Build.0 = Debug|Any CPU
		{6DB3643E-6D46-4B8C-B203-EEE1007AC3B2}.Release|Any CPU.ActiveCfg = Release|Any CPU
		{6DB3643E-6D46-4B8C-B203-EEE1007AC3B2}.Release|Any CPU.Build.0 = Release|Any CPU
		{E0F12A24-CFEF-4B63-8CCE-B4F997BB95E5}.Debug|Any CPU.ActiveCfg = Debug|Any CPU
		{E0F12A24-CFEF-4B63-8CCE-B4F997BB95E5}.Debug|Any CPU.Build.0 = Debug|Any CPU
		{E0F12A24-CFEF-4B63-8CCE-B4F997BB95E5}.Release|Any CPU.ActiveCfg = Release|Any CPU
		{E0F12A24-CFEF-4B63-8CCE-B4F997BB95E5}.Release|Any CPU.Build.0 = Release|Any CPU
		{BE51BE16-8E23-4EF7-9E69-24D63BBF49C5}.Debug|Any CPU.ActiveCfg = Debug|Any CPU
		{BE51BE16-8E23-4EF7-9E69-24D63BBF49C5}.Debug|Any CPU.Build.0 = Debug|Any CPU
		{BE51BE16-8E23-4EF7-9E69-24D63BBF49C5}.Release|Any CPU.ActiveCfg = Release|Any CPU
		{BE51BE16-8E23-4EF7-9E69-24D63BBF49C5}.Release|Any CPU.Build.0 = Release|Any CPU
		{60008881-7901-4250-A6DB-D509354C90A2}.Debug|Any CPU.ActiveCfg = Debug|Any CPU
		{60008881-7901-4250-A6DB-D509354C90A2}.Debug|Any CPU.Build.0 = Debug|Any CPU
		{60008881-7901-4250-A6DB-D509354C90A2}.Release|Any CPU.ActiveCfg = Release|Any CPU
		{60008881-7901-4250-A6DB-D509354C90A2}.Release|Any CPU.Build.0 = Release|Any CPU
		{44320EE6-BE55-4C9D-AB28-28F69AE85C61}.Debug|Any CPU.ActiveCfg = Debug|Any CPU
		{44320EE6-BE55-4C9D-AB28-28F69AE85C61}.Debug|Any CPU.Build.0 = Debug|Any CPU
		{44320EE6-BE55-4C9D-AB28-28F69AE85C61}.Release|Any CPU.ActiveCfg = Release|Any CPU
		{44320EE6-BE55-4C9D-AB28-28F69AE85C61}.Release|Any CPU.Build.0 = Release|Any CPU
		{26288DAD-5432-48E1-AB98-161A5351E754}.Debug|Any CPU.ActiveCfg = Debug|Any CPU
		{26288DAD-5432-48E1-AB98-161A5351E754}.Debug|Any CPU.Build.0 = Debug|Any CPU
		{26288DAD-5432-48E1-AB98-161A5351E754}.Release|Any CPU.ActiveCfg = Release|Any CPU
		{26288DAD-5432-48E1-AB98-161A5351E754}.Release|Any CPU.Build.0 = Release|Any CPU
		{A4C2B939-7B73-40F2-ABF4-B6C25C9DF299}.Debug|Any CPU.ActiveCfg = Debug|Any CPU
		{A4C2B939-7B73-40F2-ABF4-B6C25C9DF299}.Debug|Any CPU.Build.0 = Debug|Any CPU
		{A4C2B939-7B73-40F2-ABF4-B6C25C9DF299}.Release|Any CPU.ActiveCfg = Release|Any CPU
		{A4C2B939-7B73-40F2-ABF4-B6C25C9DF299}.Release|Any CPU.Build.0 = Release|Any CPU
		{95978996-605C-4172-8F6E-662685C7FDE0}.Debug|Any CPU.ActiveCfg = Debug|Any CPU
		{95978996-605C-4172-8F6E-662685C7FDE0}.Debug|Any CPU.Build.0 = Debug|Any CPU
		{95978996-605C-4172-8F6E-662685C7FDE0}.Release|Any CPU.ActiveCfg = Release|Any CPU
		{95978996-605C-4172-8F6E-662685C7FDE0}.Release|Any CPU.Build.0 = Release|Any CPU
		{44B65A5C-8540-48A7-86CF-DBD5726946E9}.Debug|Any CPU.ActiveCfg = Debug|Any CPU
		{44B65A5C-8540-48A7-86CF-DBD5726946E9}.Debug|Any CPU.Build.0 = Debug|Any CPU
		{44B65A5C-8540-48A7-86CF-DBD5726946E9}.Release|Any CPU.ActiveCfg = Release|Any CPU
		{44B65A5C-8540-48A7-86CF-DBD5726946E9}.Release|Any CPU.Build.0 = Release|Any CPU
		{44B532D9-3FCB-4D10-B816-085301EBB3DC}.Debug|Any CPU.ActiveCfg = Debug|Any CPU
		{44B532D9-3FCB-4D10-B816-085301EBB3DC}.Debug|Any CPU.Build.0 = Debug|Any CPU
		{44B532D9-3FCB-4D10-B816-085301EBB3DC}.Release|Any CPU.ActiveCfg = Release|Any CPU
		{44B532D9-3FCB-4D10-B816-085301EBB3DC}.Release|Any CPU.Build.0 = Release|Any CPU
	EndGlobalSection
EndGlobal
